
Microsoft Visual Studio Solution File, Format Version 12.00
# Visual Studio 15
VisualStudioVersion = 15.0.27130.2024
MinimumVisualStudioVersion = 10.0.40219.1
Project("{FAE04EC0-301F-11D3-BF4B-00C04F79EFBC}") = "GA.WebAPI", "GA.WebAPI\GA.WebAPI.csproj", "{6DFCA974-45FC-4DCA-BB78-F3676EBBCDEC}"
EndProject
Global
	GlobalSection(SolutionConfigurationPlatforms) = preSolution
		Debug|Any CPU = Debug|Any CPU
		Release|Any CPU = Release|Any CPU
	EndGlobalSection
	GlobalSection(ProjectConfigurationPlatforms) = postSolution
		{6DFCA974-45FC-4DCA-BB78-F3676EBBCDEC}.Debug|Any CPU.ActiveCfg = Debug|Any CPU
		{6DFCA974-45FC-4DCA-BB78-F3676EBBCDEC}.Debug|Any CPU.Build.0 = Debug|Any CPU
		{6DFCA974-45FC-4DCA-BB78-F3676EBBCDEC}.Release|Any CPU.ActiveCfg = Release|Any CPU
		{6DFCA974-45FC-4DCA-BB78-F3676EBBCDEC}.Release|Any CPU.Build.0 = Release|Any CPU
	EndGlobalSection
	GlobalSection(SolutionProperties) = preSolution
		HideSolutionNode = FALSE
	EndGlobalSection
	GlobalSection(ExtensibilityGlobals) = postSolution
		SolutionGuid = {94CDAC9D-25A7-47A9-8F5D-9BA1F0148E72}
	EndGlobalSection
EndGlobal
